
Microsoft Visual Studio Solution File, Format Version 10.00
# Visual Studio 2008
Project("{8BC9CEB8-8B4A-11D0-8D11-00A0C91BC942}") = "C_day14", "C_day14\C_day14.vcproj", "{86CEF2BF-389E-4C9C-BB4F-4F41A265A5FA}"
EndProject
Global
	GlobalSection(SolutionConfigurationPlatforms) = preSolution
		Debug|Win32 = Debug|Win32
		Release|Win32 = Release|Win32
	EndGlobalSection
	GlobalSection(ProjectConfigurationPlatforms) = postSolution
		{86CEF2BF-389E-4C9C-BB4F-4F41A265A5FA}.Debug|Win32.ActiveCfg = Debug|Win32
		{86CEF2BF-389E-4C9C-BB4F-4F41A265A5FA}.Debug|Win32.Build.0 = Debug|Win32
		{86CEF2BF-389E-4C9C-BB4F-4F41A265A5FA}.Release|Win32.ActiveCfg = Release|Win32
		{86CEF2BF-389E-4C9C-BB4F-4F41A265A5FA}.Release|Win32.Build.0 = Release|Win32
	EndGlobalSection
	GlobalSection(SolutionProperties) = preSolution
		HideSolutionNode = FALSE
	EndGlobalSection
EndGlobal
